{
  "name": "@bbc/psammead-media-player",
  "version": "4.0.3",
  "lockfileVersion": 1,
  "requires": true,
  "dependencies": {
    "@bbc/gel-foundations": {
      "version": "5.0.1",
      "resolved": "https://registry.npmjs.org/@bbc/gel-foundations/-/gel-foundations-5.0.1.tgz",
      "integrity": "sha512-NN4+0UiAvbFE/cxXH80Tq9R7BB+y25U70L6/03JhyGI8zPd2pj90G9MJPIKDoUNHMKwiIqbivM51dR5rlh7RBQ=="
    },
    "@bbc/psammead-assets": {
      "version": "3.0.0",
      "resolved": "https://registry.npmjs.org/@bbc/psammead-assets/-/psammead-assets-3.0.0.tgz",
      "integrity": "sha512-Y3jxf9F2La/yx1udxpxEXOrr4+dcIt8k7DPheqazIVtNoYIS7AH6U85TxATcXOFnSY8RU2nTkufFfSdqD/Q21Q=="
    },
    "@bbc/psammead-image": {
      "version": "2.0.0",
      "resolved": "https://registry.npmjs.org/@bbc/psammead-image/-/psammead-image-2.0.0.tgz",
      "integrity": "sha512-mN38KuvhrZCNZ55SV6E7kUcJw50Wc6y8+RX9zoKluVPfpaM2h7xnmPxbH3JoCuENOmBKWGcWHCpQand9z1R7Pg=="
    },
    "@bbc/psammead-image-placeholder": {
      "version": "2.0.2",
      "resolved": "https://registry.npmjs.org/@bbc/psammead-image-placeholder/-/psammead-image-placeholder-2.0.2.tgz",
      "integrity": "sha512-L3W3V6baNJ5JCrob3GZv/Wv3gi56IzbOGTQGerWUW+lBKu8CQrnhKTqKQTud9k79agsaSPMzY98b4N1+hwws4A==",
      "requires": {
        "@bbc/psammead-assets": "^3.0.0",
        "@bbc/psammead-styles": "^6.0.0"
      }
    },
    "@bbc/psammead-play-button": {
      "version": "2.0.3",
      "resolved": "https://registry.npmjs.org/@bbc/psammead-play-button/-/psammead-play-button-2.0.3.tgz",
      "integrity": "sha512-j11cPWsozP0PV6XJZxToSCunvmwp1sOZof3oR7B+eQJRt4efn15E68/XvitzIUoIs5Bi/wMhLNs0FbxExofWQg==",
      "requires": {
        "@bbc/gel-foundations": "^5.0.1",
        "@bbc/psammead-assets": "^3.0.0",
        "@bbc/psammead-styles": "^6.0.0"
      }
    },
    "@bbc/psammead-styles": {
      "version": "6.0.0",
      "resolved": "https://registry.npmjs.org/@bbc/psammead-styles/-/psammead-styles-6.0.0.tgz",
      "integrity": "sha512-P9KW/K/T95R4LC+gTJbbpxJfLnsGrmarOPWjdLR8X7gMUBpa0SHyf59Dez5QI1ib9yIbQO/XUM9jNoZFpSd9/g=="
    }
  }
}
